
Microsoft Visual Studio Solution File, Format Version 12.00
# Visual Studio Version 17
VisualStudioVersion = 17.7.34024.191
MinimumVisualStudioVersion = 10.0.40219.1
Project("{FAE04EC0-301F-11D3-BF4B-00C04F79EFBC}") = "AI_Lab2", "AI_Lab2\AI_Lab2.csproj", "{4F59F75B-D45B-4871-BF75-18B3756C9B7B}"
EndProject
Global
	GlobalSection(SolutionConfigurationPlatforms) = preSolution
		Debug|Any CPU = Debug|Any CPU
		Release|Any CPU = Release|Any CPU
	EndGlobalSection
	GlobalSection(ProjectConfigurationPlatforms) = postSolution
		{4F59F75B-D45B-4871-BF75-18B3756C9B7B}.Debug|Any CPU.ActiveCfg = Debug|Any CPU
		{4F59F75B-D45B-4871-BF75-18B3756C9B7B}.Debug|Any CPU.Build.0 = Debug|Any CPU
		{4F59F75B-D45B-4871-BF75-18B3756C9B7B}.Release|Any CPU.ActiveCfg = Release|Any CPU
		{4F59F75B-D45B-4871-BF75-18B3756C9B7B}.Release|Any CPU.Build.0 = Release|Any CPU
	EndGlobalSection
	GlobalSection(SolutionProperties) = preSolution
		HideSolutionNode = FALSE
	EndGlobalSection
	GlobalSection(ExtensibilityGlobals) = postSolution
		SolutionGuid = {7B39893D-B58D-4EA5-8F4F-C03EE771CDAB}
	EndGlobalSection
EndGlobal
